{
  "version": 1,
  "dependencies": {
    ".NETStandard,Version=v2.0": {
      "NETStandard.Library": {
        "type": "Direct",
        "requested": "[2.0.3, )",
        "resolved": "2.0.3",
        "contentHash": "R73gEjqCkI2Nw/IlN8QvcgPNklqQiPowp47JwvW0Bnp/RZnjN4UrJwEvWVJWRK1MsQ+HIfGe9i4aQlfK+ei9jA==",
        "dependencies": {
          "Microsoft.NETCore.Platforms": "1.1.0"
        }
      },
      "PdbGit": {
        "type": "Direct",
        "requested": "[3.0.41, )",
        "resolved": "3.0.41",
        "contentHash": "LBeCjKYbWdrZHSNVOp/5VusxjmJg4xkU8Pnz9DgSHGXApPYW3RnsOTvfpDErtnACpRaB4W16lHN91id20D4i8w=="
      },
      "Microsoft.NETCore.Platforms": {
        "type": "Transitive",
        "resolved": "1.1.0",
        "contentHash": "kz0PEW2lhqygehI/d6XsPCQzD7ff7gUJaVGPVETX611eadGsA3A877GdSlU0LRVMCTH/+P3o2iDTak+S08V2+A=="
      }
    }
  }
}